
Microsoft Visual Studio Solution File, Format Version 12.00
# Visual Studio Version 17
VisualStudioVersion = 17.4.33213.308
MinimumVisualStudioVersion = 10.0.40219.1
Project("{9A19103F-16F7-4668-BE54-9A1E7A4F7556}") = "CharityTestCore", "CharityTestCore\CharityTestCore.csproj", "{2A4A3FE2-00A9-480E-91BA-7E1048B996F4}"
EndProject
Project("{9A19103F-16F7-4668-BE54-9A1E7A4F7556}") = "DAL", "..\..\CharityTestCore V3\DAL\DAL.csproj", "{868BDDDA-9A1E-476D-A98C-CB0C5AF0265A}"
EndProject
Project("{9A19103F-16F7-4668-BE54-9A1E7A4F7556}") = "Domain", "..\..\CharityTestCore V3\Domain\Domain.csproj", "{A2983298-DEE0-42B3-BC56-ADDDD1623C8B}"
EndProject
Global
	GlobalSection(SolutionConfigurationPlatforms) = preSolution
		Debug|Any CPU = Debug|Any CPU
		Release|Any CPU = Release|Any CPU
	EndGlobalSection
	GlobalSection(ProjectConfigurationPlatforms) = postSolution
		{2A4A3FE2-00A9-480E-91BA-7E1048B996F4}.Debug|Any CPU.ActiveCfg = Debug|Any CPU
		{2A4A3FE2-00A9-480E-91BA-7E1048B996F4}.Debug|Any CPU.Build.0 = Debug|Any CPU
		{2A4A3FE2-00A9-480E-91BA-7E1048B996F4}.Release|Any CPU.ActiveCfg = Release|Any CPU
		{2A4A3FE2-00A9-480E-91BA-7E1048B996F4}.Release|Any CPU.Build.0 = Release|Any CPU
		{868BDDDA-9A1E-476D-A98C-CB0C5AF0265A}.Debug|Any CPU.ActiveCfg = Debug|Any CPU
		{868BDDDA-9A1E-476D-A98C-CB0C5AF0265A}.Debug|Any CPU.Build.0 = Debug|Any CPU
		{868BDDDA-9A1E-476D-A98C-CB0C5AF0265A}.Release|Any CPU.ActiveCfg = Release|Any CPU
		{868BDDDA-9A1E-476D-A98C-CB0C5AF0265A}.Release|Any CPU.Build.0 = Release|Any CPU
		{A2983298-DEE0-42B3-BC56-ADDDD1623C8B}.Debug|Any CPU.ActiveCfg = Debug|Any CPU
		{A2983298-DEE0-42B3-BC56-ADDDD1623C8B}.Debug|Any CPU.Build.0 = Debug|Any CPU
		{A2983298-DEE0-42B3-BC56-ADDDD1623C8B}.Release|Any CPU.ActiveCfg = Release|Any CPU
		{A2983298-DEE0-42B3-BC56-ADDDD1623C8B}.Release|Any CPU.Build.0 = Release|Any CPU
	EndGlobalSection
	GlobalSection(SolutionProperties) = preSolution
		HideSolutionNode = FALSE
	EndGlobalSection
	GlobalSection(ExtensibilityGlobals) = postSolution
		SolutionGuid = {306B3727-84F7-4FE1-8AE3-8F7578076F94}
	EndGlobalSection
EndGlobal
